
Microsoft Visual Studio Solution File, Format Version 12.00
# Visual Studio 15
VisualStudioVersion = 15.0.28010.2026
MinimumVisualStudioVersion = 10.0.40219.1
Project("{FAE04EC0-301F-11D3-BF4B-00C04F79EFBC}") = "RGB_Converter", "RGB_Converter\RGB_Converter.csproj", "{854ECC2D-4E3B-416B-8E33-0B6025BC52DC}"
EndProject
Global
	GlobalSection(SolutionConfigurationPlatforms) = preSolution
		Debug|Any CPU = Debug|Any CPU
		Release|Any CPU = Release|Any CPU
	EndGlobalSection
	GlobalSection(ProjectConfigurationPlatforms) = postSolution
		{854ECC2D-4E3B-416B-8E33-0B6025BC52DC}.Debug|Any CPU.ActiveCfg = Debug|Any CPU
		{854ECC2D-4E3B-416B-8E33-0B6025BC52DC}.Debug|Any CPU.Build.0 = Debug|Any CPU
		{854ECC2D-4E3B-416B-8E33-0B6025BC52DC}.Release|Any CPU.ActiveCfg = Release|Any CPU
		{854ECC2D-4E3B-416B-8E33-0B6025BC52DC}.Release|Any CPU.Build.0 = Release|Any CPU
	EndGlobalSection
	GlobalSection(SolutionProperties) = preSolution
		HideSolutionNode = FALSE
	EndGlobalSection
	GlobalSection(ExtensibilityGlobals) = postSolution
		SolutionGuid = {85BE62C5-BABD-49B1-869F-24B698864486}
	EndGlobalSection
EndGlobal
