
Microsoft Visual Studio Solution File, Format Version 12.00
# Visual Studio 15
VisualStudioVersion = 15.0.28307.779
MinimumVisualStudioVersion = 10.0.40219.1
Project("{8BC9CEB8-8B4A-11D0-8D11-00A0C91BC942}") = "Assessment 1", "Assessment 1\Assessment 1.vcxproj", "{785CD864-F89B-4C5B-A6E1-70611AED7CC3}"
EndProject
Global
	GlobalSection(SolutionConfigurationPlatforms) = preSolution
		Debug|x64 = Debug|x64
		Debug|x86 = Debug|x86
		Release|x64 = Release|x64
		Release|x86 = Release|x86
	EndGlobalSection
	GlobalSection(ProjectConfigurationPlatforms) = postSolution
		{785CD864-F89B-4C5B-A6E1-70611AED7CC3}.Debug|x64.ActiveCfg = Debug|x64
		{785CD864-F89B-4C5B-A6E1-70611AED7CC3}.Debug|x64.Build.0 = Debug|x64
		{785CD864-F89B-4C5B-A6E1-70611AED7CC3}.Debug|x86.ActiveCfg = Debug|Win32
		{785CD864-F89B-4C5B-A6E1-70611AED7CC3}.Debug|x86.Build.0 = Debug|Win32
		{785CD864-F89B-4C5B-A6E1-70611AED7CC3}.Release|x64.ActiveCfg = Release|x64
		{785CD864-F89B-4C5B-A6E1-70611AED7CC3}.Release|x64.Build.0 = Release|x64
		{785CD864-F89B-4C5B-A6E1-70611AED7CC3}.Release|x86.ActiveCfg = Release|Win32
		{785CD864-F89B-4C5B-A6E1-70611AED7CC3}.Release|x86.Build.0 = Release|Win32
	EndGlobalSection
	GlobalSection(SolutionProperties) = preSolution
		HideSolutionNode = FALSE
	EndGlobalSection
	GlobalSection(ExtensibilityGlobals) = postSolution
		SolutionGuid = {707FB44E-A4B5-48C4-A11C-308F51535899}
	EndGlobalSection
EndGlobal
